
Microsoft Visual Studio Solution File, Format Version 12.00
# Visual Studio Version 17
VisualStudioVersion = 17.8.34316.72
MinimumVisualStudioVersion = 10.0.40219.1
Project("{FAE04EC0-301F-11D3-BF4B-00C04F79EFBC}") = "Matrix", "Matrix\Matrix.csproj", "{3E1ED1AE-C05C-48B3-B106-A0C704883C6D}"
EndProject
Project("{54435603-DBB4-11D2-8724-00A0C9A8B90C}") = "GYM Matrix", "GYM Matrix\GYM Matrix.vdproj", "{B883A563-DB89-4E73-B0B6-5691ED16CB02}"
EndProject
Global
	GlobalSection(SolutionConfigurationPlatforms) = preSolution
		Debug|Any CPU = Debug|Any CPU
		Release|Any CPU = Release|Any CPU
	EndGlobalSection
	GlobalSection(ProjectConfigurationPlatforms) = postSolution
		{3E1ED1AE-C05C-48B3-B106-A0C704883C6D}.Debug|Any CPU.ActiveCfg = Debug|Any CPU
		{3E1ED1AE-C05C-48B3-B106-A0C704883C6D}.Debug|Any CPU.Build.0 = Debug|Any CPU
		{3E1ED1AE-C05C-48B3-B106-A0C704883C6D}.Release|Any CPU.ActiveCfg = Release|Any CPU
		{3E1ED1AE-C05C-48B3-B106-A0C704883C6D}.Release|Any CPU.Build.0 = Release|Any CPU
		{B883A563-DB89-4E73-B0B6-5691ED16CB02}.Debug|Any CPU.ActiveCfg = Debug
		{B883A563-DB89-4E73-B0B6-5691ED16CB02}.Release|Any CPU.ActiveCfg = Release
	EndGlobalSection
	GlobalSection(SolutionProperties) = preSolution
		HideSolutionNode = FALSE
	EndGlobalSection
	GlobalSection(ExtensibilityGlobals) = postSolution
		SolutionGuid = {86BA0504-0619-4F06-AB68-DB10B68A8F83}
	EndGlobalSection
EndGlobal
